
Microsoft Visual Studio Solution File, Format Version 12.00
# Visual Studio Version 17
VisualStudioVersion = 17.5.33414.496
MinimumVisualStudioVersion = 10.0.40219.1
Project("{9A19103F-16F7-4668-BE54-9A1E7A4F7556}") = "OutwardVR", "OutwardVR.csproj", "{7FA1117E-8A37-4C30-A156-BC31A1095FF5}"
EndProject
Global
	GlobalSection(SolutionConfigurationPlatforms) = preSolution
		Debug|Any CPU = Debug|Any CPU
		Release|Any CPU = Release|Any CPU
	EndGlobalSection
	GlobalSection(ProjectConfigurationPlatforms) = postSolution
		{7FA1117E-8A37-4C30-A156-BC31A1095FF5}.Debug|Any CPU.ActiveCfg = Debug|Any CPU
		{7FA1117E-8A37-4C30-A156-BC31A1095FF5}.Debug|Any CPU.Build.0 = Debug|Any CPU
		{7FA1117E-8A37-4C30-A156-BC31A1095FF5}.Release|Any CPU.ActiveCfg = Release|Any CPU
		{7FA1117E-8A37-4C30-A156-BC31A1095FF5}.Release|Any CPU.Build.0 = Release|Any CPU
	EndGlobalSection
	GlobalSection(SolutionProperties) = preSolution
		HideSolutionNode = FALSE
	EndGlobalSection
	GlobalSection(ExtensibilityGlobals) = postSolution
		SolutionGuid = {ACDEE4F2-37AB-48F1-9BA8-BD3877770BDD}
	EndGlobalSection
EndGlobal
